
Microsoft Visual Studio Solution File, Format Version 12.00
# Visual Studio Version 17
VisualStudioVersion = 17.10.35027.167
MinimumVisualStudioVersion = 10.0.40219.1
Project("{9A19103F-16F7-4668-BE54-9A1E7A4F7556}") = "Microsoft.PowerPlatform.Dataverse.Client", "Client\Microsoft.PowerPlatform.Dataverse.Client.csproj", "{7303AAC5-BCEF-4BDB-B7D8-303490D506C6}"
EndProject
Project("{2150E333-8FDC-42A3-9474-1A3956D46DE8}") = "UnitTests", "UnitTests", "{CD32538C-E929-42F9-A936-5550427E2CD5}"
EndProject
Project("{9A19103F-16F7-4668-BE54-9A1E7A4F7556}") = "DataverseClient_Core_UnitTests", "UnitTests\CdsClient_Core_Tests\DataverseClient_Core_UnitTests.csproj", "{F85F6B93-D17D-4CAE-9B2F-D293BE73C700}"
EndProject
Project("{9A19103F-16F7-4668-BE54-9A1E7A4F7556}") = "Microsoft.PowerPlatform.Dataverse.Client.Dynamics", "Extensions\DynamicsExtension\Microsoft.PowerPlatform.Dataverse.Client.Dynamics.csproj", "{8CE32D7B-EA3D-4725-A270-9780D366EDB7}"
EndProject
Project("{9A19103F-16F7-4668-BE54-9A1E7A4F7556}") = "LiveTestsConsole", "UnitTests\LiveTestsConsole\LiveTestsConsole.csproj", "{5A1A4FFF-78F5-48A2-9AB0-3E507E938465}"
EndProject
Project("{9A19103F-16F7-4668-BE54-9A1E7A4F7556}") = "AzDevOps_ServiceConnection_Test", "UnitTests\AzDevOps_ServiceConnection_Test\AzDevOps_ServiceConnection_Test.csproj", "{581F17CF-C7DE-4147-8764-E6B4328C07E7}"
EndProject
Project("{9A19103F-16F7-4668-BE54-9A1E7A4F7556}") = "Microsoft.PowerPlatform.Dataverse.Client.AzAuth", "Extensions\Microsoft.PowerPlatform.Dataverse.Client.AzAuth\Microsoft.PowerPlatform.Dataverse.Client.AzAuth.csproj", "{6A891168-EACF-4AC1-B081-ABA2FFF0DA7D}"
EndProject
Project("{9A19103F-16F7-4668-BE54-9A1E7A4F7556}") = "Microsoft.PowerPlatform.Dataverse.Client.PowerShell", "PowerShell\Microsoft.PowerPlatform.Dataverse.Client.PowerShell\Microsoft.PowerPlatform.Dataverse.Client.PowerShell.csproj", "{849A9DED-F4C6-4CFE-BA25-696F6E100198}"
EndProject
Global
	GlobalSection(SolutionConfigurationPlatforms) = preSolution
		Debug|Any CPU = Debug|Any CPU
		Release|Any CPU = Release|Any CPU
	EndGlobalSection
	GlobalSection(ProjectConfigurationPlatforms) = postSolution
		{7303AAC5-BCEF-4BDB-B7D8-303490D506C6}.Debug|Any CPU.ActiveCfg = Debug|Any CPU
		{7303AAC5-BCEF-4BDB-B7D8-303490D506C6}.Debug|Any CPU.Build.0 = Debug|Any CPU
		{7303AAC5-BCEF-4BDB-B7D8-303490D506C6}.Release|Any CPU.ActiveCfg = Release|Any CPU
		{7303AAC5-BCEF-4BDB-B7D8-303490D506C6}.Release|Any CPU.Build.0 = Release|Any CPU
		{F85F6B93-D17D-4CAE-9B2F-D293BE73C700}.Debug|Any CPU.ActiveCfg = Debug|Any CPU
		{F85F6B93-D17D-4CAE-9B2F-D293BE73C700}.Debug|Any CPU.Build.0 = Debug|Any CPU
		{F85F6B93-D17D-4CAE-9B2F-D293BE73C700}.Release|Any CPU.ActiveCfg = Release|Any CPU
		{F85F6B93-D17D-4CAE-9B2F-D293BE73C700}.Release|Any CPU.Build.0 = Release|Any CPU
		{8CE32D7B-EA3D-4725-A270-9780D366EDB7}.Debug|Any CPU.ActiveCfg = Debug|Any CPU
		{8CE32D7B-EA3D-4725-A270-9780D366EDB7}.Debug|Any CPU.Build.0 = Debug|Any CPU
		{8CE32D7B-EA3D-4725-A270-9780D366EDB7}.Release|Any CPU.ActiveCfg = Release|Any CPU
		{8CE32D7B-EA3D-4725-A270-9780D366EDB7}.Release|Any CPU.Build.0 = Release|Any CPU
		{5A1A4FFF-78F5-48A2-9AB0-3E507E938465}.Debug|Any CPU.ActiveCfg = Debug|Any CPU
		{5A1A4FFF-78F5-48A2-9AB0-3E507E938465}.Debug|Any CPU.Build.0 = Debug|Any CPU
		{5A1A4FFF-78F5-48A2-9AB0-3E507E938465}.Release|Any CPU.ActiveCfg = Release|Any CPU
		{5A1A4FFF-78F5-48A2-9AB0-3E507E938465}.Release|Any CPU.Build.0 = Release|Any CPU
		{581F17CF-C7DE-4147-8764-E6B4328C07E7}.Debug|Any CPU.ActiveCfg = Debug|Any CPU
		{581F17CF-C7DE-4147-8764-E6B4328C07E7}.Debug|Any CPU.Build.0 = Debug|Any CPU
		{581F17CF-C7DE-4147-8764-E6B4328C07E7}.Release|Any CPU.ActiveCfg = Release|Any CPU
		{581F17CF-C7DE-4147-8764-E6B4328C07E7}.Release|Any CPU.Build.0 = Release|Any CPU
		{6A891168-EACF-4AC1-B081-ABA2FFF0DA7D}.Debug|Any CPU.ActiveCfg = Debug|Any CPU
		{6A891168-EACF-4AC1-B081-ABA2FFF0DA7D}.Debug|Any CPU.Build.0 = Debug|Any CPU
		{6A891168-EACF-4AC1-B081-ABA2FFF0DA7D}.Release|Any CPU.ActiveCfg = Release|Any CPU
		{6A891168-EACF-4AC1-B081-ABA2FFF0DA7D}.Release|Any CPU.Build.0 = Release|Any CPU
		{849A9DED-F4C6-4CFE-BA25-696F6E100198}.Debug|Any CPU.ActiveCfg = Debug|Any CPU
		{849A9DED-F4C6-4CFE-BA25-696F6E100198}.Debug|Any CPU.Build.0 = Debug|Any CPU
		{849A9DED-F4C6-4CFE-BA25-696F6E100198}.Release|Any CPU.ActiveCfg = Release|Any CPU
		{849A9DED-F4C6-4CFE-BA25-696F6E100198}.Release|Any CPU.Build.0 = Release|Any CPU
	EndGlobalSection
	GlobalSection(SolutionProperties) = preSolution
		HideSolutionNode = FALSE
	EndGlobalSection
	GlobalSection(NestedProjects) = preSolution
		{F85F6B93-D17D-4CAE-9B2F-D293BE73C700} = {CD32538C-E929-42F9-A936-5550427E2CD5}
		{5A1A4FFF-78F5-48A2-9AB0-3E507E938465} = {CD32538C-E929-42F9-A936-5550427E2CD5}
		{581F17CF-C7DE-4147-8764-E6B4328C07E7} = {CD32538C-E929-42F9-A936-5550427E2CD5}
	EndGlobalSection
	GlobalSection(ExtensibilityGlobals) = postSolution
		SolutionGuid = {EA6D26FC-C065-4849-959E-1EF7FC013AF2}
	EndGlobalSection
EndGlobal
