
Microsoft Visual Studio Solution File, Format Version 12.00
# Visual Studio Version 17
VisualStudioVersion = 17.2.32526.322
MinimumVisualStudioVersion = 10.0.40219.1
Project("{9A19103F-16F7-4668-BE54-9A1E7A4F7556}") = "Microsoft.PowerPlatform.Dataverse.Client", "Client\Microsoft.PowerPlatform.Dataverse.Client.csproj", "{7303AAC5-BCEF-4BDB-B7D8-303490D506C6}"
EndProject
Project("{2150E333-8FDC-42A3-9474-1A3956D46DE8}") = "UnitTests", "UnitTests", "{CD32538C-E929-42F9-A936-5550427E2CD5}"
EndProject
Project("{9A19103F-16F7-4668-BE54-9A1E7A4F7556}") = "DataverseClient_Core_UnitTests", "UnitTests\CdsClient_Core_Tests\DataverseClient_Core_UnitTests.csproj", "{F85F6B93-D17D-4CAE-9B2F-D293BE73C700}"
EndProject
Project("{9A19103F-16F7-4668-BE54-9A1E7A4F7556}") = "Microsoft.PowerPlatform.Dataverse.Client.Dynamics", "Extensions\DynamicsExtension\Microsoft.PowerPlatform.Dataverse.Client.Dynamics.csproj", "{8CE32D7B-EA3D-4725-A270-9780D366EDB7}"
EndProject
Project("{9A19103F-16F7-4668-BE54-9A1E7A4F7556}") = "LiveTestsConsole", "UnitTests\LiveTestsConsole\LiveTestsConsole.csproj", "{5A1A4FFF-78F5-48A2-9AB0-3E507E938465}"
EndProject
Project("{9A19103F-16F7-4668-BE54-9A1E7A4F7556}") = "Microsoft.PowerPlatform.Dataverse.ConnectControl", "ConnectControl\Microsoft.PowerPlatform.Dataverse.ConnectControl.csproj", "{294C017A-54A0-4582-A512-5B58B9220082}"
EndProject
Project("{2150E333-8FDC-42A3-9474-1A3956D46DE8}") = "Testers", "Testers", "{01915F6D-79FF-4118-9EAD-2470351C8035}"
EndProject
Project("{9A19103F-16F7-4668-BE54-9A1E7A4F7556}") = "LoginControlTester", "Testers\LoginControlTester\LoginControlTester.csproj", "{E24CC0FA-4686-448E-A9AC-7A2B58D07FF6}"
EndProject
Project("{9A19103F-16F7-4668-BE54-9A1E7A4F7556}") = "Microsoft.PowerPlatform.Dataverse.Ui.Styles", "UIStyles\Microsoft.PowerPlatform.Dataverse.Ui.Styles.csproj", "{008080AE-B79C-45A8-8FDC-5025F645C88A}"
EndProject
Project("{9A19103F-16F7-4668-BE54-9A1E7A4F7556}") = "Microsoft.PowerPlatform.Dataverse.WebResourceUtility", "WebResourceUtility\Microsoft.PowerPlatform.Dataverse.WebResourceUtility.csproj", "{FDFD6B7F-A925-40EE-98DC-2E06C1D1E3B6}"
EndProject
#Project("{9A19103F-16F7-4668-BE54-9A1E7A4F7556}") = "Microsoft.PowerPlatform.Dataverse.ServiceClientConverter", "Extensions\Microsoft.PowerPlatform.Dataverse.ServiceClientConverter\Microsoft.PowerPlatform.Dataverse.ServiceClientConverter.csproj", "{6F7522A6-3B98-40EE-B92B-5EA423E6F600}"
#EndProject
Global
	GlobalSection(SolutionConfigurationPlatforms) = preSolution
		CRMINTERNAL|Any CPU = CRMINTERNAL|Any CPU
		CRMINTERNAL|x64 = CRMINTERNAL|x64
		Debug|Any CPU = Debug|Any CPU
		Debug|x64 = Debug|x64
		Release|Any CPU = Release|Any CPU
		Release|x64 = Release|x64
	EndGlobalSection
	GlobalSection(ProjectConfigurationPlatforms) = postSolution
		{7303AAC5-BCEF-4BDB-B7D8-303490D506C6}.CRMINTERNAL|Any CPU.ActiveCfg = Release|Any CPU
		{7303AAC5-BCEF-4BDB-B7D8-303490D506C6}.CRMINTERNAL|Any CPU.Build.0 = Release|Any CPU
		{7303AAC5-BCEF-4BDB-B7D8-303490D506C6}.CRMINTERNAL|x64.ActiveCfg = Release|Any CPU
		{7303AAC5-BCEF-4BDB-B7D8-303490D506C6}.CRMINTERNAL|x64.Build.0 = Release|Any CPU
		{7303AAC5-BCEF-4BDB-B7D8-303490D506C6}.Debug|Any CPU.ActiveCfg = Debug|Any CPU
		{7303AAC5-BCEF-4BDB-B7D8-303490D506C6}.Debug|Any CPU.Build.0 = Debug|Any CPU
		{7303AAC5-BCEF-4BDB-B7D8-303490D506C6}.Debug|x64.ActiveCfg = Debug|Any CPU
		{7303AAC5-BCEF-4BDB-B7D8-303490D506C6}.Debug|x64.Build.0 = Debug|Any CPU
		{7303AAC5-BCEF-4BDB-B7D8-303490D506C6}.Release|Any CPU.ActiveCfg = Release|Any CPU
		{7303AAC5-BCEF-4BDB-B7D8-303490D506C6}.Release|Any CPU.Build.0 = Release|Any CPU
		{7303AAC5-BCEF-4BDB-B7D8-303490D506C6}.Release|x64.ActiveCfg = Release|Any CPU
		{7303AAC5-BCEF-4BDB-B7D8-303490D506C6}.Release|x64.Build.0 = Release|Any CPU
		{F85F6B93-D17D-4CAE-9B2F-D293BE73C700}.CRMINTERNAL|Any CPU.ActiveCfg = Release|Any CPU
		{F85F6B93-D17D-4CAE-9B2F-D293BE73C700}.CRMINTERNAL|Any CPU.Build.0 = Release|Any CPU
		{F85F6B93-D17D-4CAE-9B2F-D293BE73C700}.CRMINTERNAL|x64.ActiveCfg = Release|Any CPU
		{F85F6B93-D17D-4CAE-9B2F-D293BE73C700}.CRMINTERNAL|x64.Build.0 = Release|Any CPU
		{F85F6B93-D17D-4CAE-9B2F-D293BE73C700}.Debug|Any CPU.ActiveCfg = Debug|Any CPU
		{F85F6B93-D17D-4CAE-9B2F-D293BE73C700}.Debug|Any CPU.Build.0 = Debug|Any CPU
		{F85F6B93-D17D-4CAE-9B2F-D293BE73C700}.Debug|x64.ActiveCfg = Debug|Any CPU
		{F85F6B93-D17D-4CAE-9B2F-D293BE73C700}.Debug|x64.Build.0 = Debug|Any CPU
		{F85F6B93-D17D-4CAE-9B2F-D293BE73C700}.Release|Any CPU.ActiveCfg = Release|Any CPU
		{F85F6B93-D17D-4CAE-9B2F-D293BE73C700}.Release|Any CPU.Build.0 = Release|Any CPU
		{F85F6B93-D17D-4CAE-9B2F-D293BE73C700}.Release|x64.ActiveCfg = Release|Any CPU
		{F85F6B93-D17D-4CAE-9B2F-D293BE73C700}.Release|x64.Build.0 = Release|Any CPU
		{8CE32D7B-EA3D-4725-A270-9780D366EDB7}.CRMINTERNAL|Any CPU.ActiveCfg = Release|Any CPU
		{8CE32D7B-EA3D-4725-A270-9780D366EDB7}.CRMINTERNAL|Any CPU.Build.0 = Release|Any CPU
		{8CE32D7B-EA3D-4725-A270-9780D366EDB7}.CRMINTERNAL|x64.ActiveCfg = Release|Any CPU
		{8CE32D7B-EA3D-4725-A270-9780D366EDB7}.CRMINTERNAL|x64.Build.0 = Release|Any CPU
		{8CE32D7B-EA3D-4725-A270-9780D366EDB7}.Debug|Any CPU.ActiveCfg = Debug|Any CPU
		{8CE32D7B-EA3D-4725-A270-9780D366EDB7}.Debug|Any CPU.Build.0 = Debug|Any CPU
		{8CE32D7B-EA3D-4725-A270-9780D366EDB7}.Debug|x64.ActiveCfg = Debug|Any CPU
		{8CE32D7B-EA3D-4725-A270-9780D366EDB7}.Debug|x64.Build.0 = Debug|Any CPU
		{8CE32D7B-EA3D-4725-A270-9780D366EDB7}.Release|Any CPU.ActiveCfg = Release|Any CPU
		{8CE32D7B-EA3D-4725-A270-9780D366EDB7}.Release|Any CPU.Build.0 = Release|Any CPU
		{8CE32D7B-EA3D-4725-A270-9780D366EDB7}.Release|x64.ActiveCfg = Release|Any CPU
		{8CE32D7B-EA3D-4725-A270-9780D366EDB7}.Release|x64.Build.0 = Release|Any CPU
		{5A1A4FFF-78F5-48A2-9AB0-3E507E938465}.CRMINTERNAL|Any CPU.ActiveCfg = Release|Any CPU
		{5A1A4FFF-78F5-48A2-9AB0-3E507E938465}.CRMINTERNAL|Any CPU.Build.0 = Release|Any CPU
		{5A1A4FFF-78F5-48A2-9AB0-3E507E938465}.CRMINTERNAL|x64.ActiveCfg = Release|Any CPU
		{5A1A4FFF-78F5-48A2-9AB0-3E507E938465}.CRMINTERNAL|x64.Build.0 = Release|Any CPU
		{5A1A4FFF-78F5-48A2-9AB0-3E507E938465}.Debug|Any CPU.ActiveCfg = Debug|Any CPU
		{5A1A4FFF-78F5-48A2-9AB0-3E507E938465}.Debug|Any CPU.Build.0 = Debug|Any CPU
		{5A1A4FFF-78F5-48A2-9AB0-3E507E938465}.Debug|x64.ActiveCfg = Debug|Any CPU
		{5A1A4FFF-78F5-48A2-9AB0-3E507E938465}.Debug|x64.Build.0 = Debug|Any CPU
		{5A1A4FFF-78F5-48A2-9AB0-3E507E938465}.Release|Any CPU.ActiveCfg = Release|Any CPU
		{5A1A4FFF-78F5-48A2-9AB0-3E507E938465}.Release|Any CPU.Build.0 = Release|Any CPU
		{5A1A4FFF-78F5-48A2-9AB0-3E507E938465}.Release|x64.ActiveCfg = Release|Any CPU
		{5A1A4FFF-78F5-48A2-9AB0-3E507E938465}.Release|x64.Build.0 = Release|Any CPU
		{294C017A-54A0-4582-A512-5B58B9220082}.CRMINTERNAL|Any CPU.ActiveCfg = CRMINTERNAL|Any CPU
		{294C017A-54A0-4582-A512-5B58B9220082}.CRMINTERNAL|Any CPU.Build.0 = CRMINTERNAL|Any CPU
		{294C017A-54A0-4582-A512-5B58B9220082}.CRMINTERNAL|x64.ActiveCfg = CRMINTERNAL|x64
		{294C017A-54A0-4582-A512-5B58B9220082}.CRMINTERNAL|x64.Build.0 = CRMINTERNAL|x64
		{294C017A-54A0-4582-A512-5B58B9220082}.Debug|Any CPU.ActiveCfg = Debug|Any CPU
		{294C017A-54A0-4582-A512-5B58B9220082}.Debug|Any CPU.Build.0 = Debug|Any CPU
		{294C017A-54A0-4582-A512-5B58B9220082}.Debug|x64.ActiveCfg = Debug|x64
		{294C017A-54A0-4582-A512-5B58B9220082}.Debug|x64.Build.0 = Debug|x64
		{294C017A-54A0-4582-A512-5B58B9220082}.Release|Any CPU.ActiveCfg = Release|Any CPU
		{294C017A-54A0-4582-A512-5B58B9220082}.Release|Any CPU.Build.0 = Release|Any CPU
		{294C017A-54A0-4582-A512-5B58B9220082}.Release|x64.ActiveCfg = Release|x64
		{294C017A-54A0-4582-A512-5B58B9220082}.Release|x64.Build.0 = Release|x64
		{E24CC0FA-4686-448E-A9AC-7A2B58D07FF6}.CRMINTERNAL|Any CPU.ActiveCfg = CRMINTERNAL|Any CPU
		{E24CC0FA-4686-448E-A9AC-7A2B58D07FF6}.CRMINTERNAL|Any CPU.Build.0 = CRMINTERNAL|Any CPU
		{E24CC0FA-4686-448E-A9AC-7A2B58D07FF6}.CRMINTERNAL|x64.ActiveCfg = CRMINTERNAL|x64
		{E24CC0FA-4686-448E-A9AC-7A2B58D07FF6}.CRMINTERNAL|x64.Build.0 = CRMINTERNAL|x64
		{E24CC0FA-4686-448E-A9AC-7A2B58D07FF6}.Debug|Any CPU.ActiveCfg = Debug|Any CPU
		{E24CC0FA-4686-448E-A9AC-7A2B58D07FF6}.Debug|Any CPU.Build.0 = Debug|Any CPU
		{E24CC0FA-4686-448E-A9AC-7A2B58D07FF6}.Debug|x64.ActiveCfg = Debug|x64
		{E24CC0FA-4686-448E-A9AC-7A2B58D07FF6}.Debug|x64.Build.0 = Debug|x64
		{E24CC0FA-4686-448E-A9AC-7A2B58D07FF6}.Release|Any CPU.ActiveCfg = Release|Any CPU
		{E24CC0FA-4686-448E-A9AC-7A2B58D07FF6}.Release|Any CPU.Build.0 = Release|Any CPU
		{E24CC0FA-4686-448E-A9AC-7A2B58D07FF6}.Release|x64.ActiveCfg = Release|x64
		{E24CC0FA-4686-448E-A9AC-7A2B58D07FF6}.Release|x64.Build.0 = Release|x64
		{008080AE-B79C-45A8-8FDC-5025F645C88A}.CRMINTERNAL|Any CPU.ActiveCfg = CRMINTERNAL|Any CPU
		{008080AE-B79C-45A8-8FDC-5025F645C88A}.CRMINTERNAL|Any CPU.Build.0 = CRMINTERNAL|Any CPU
		{008080AE-B79C-45A8-8FDC-5025F645C88A}.CRMINTERNAL|x64.ActiveCfg = CRMINTERNAL|x64
		{008080AE-B79C-45A8-8FDC-5025F645C88A}.CRMINTERNAL|x64.Build.0 = CRMINTERNAL|x64
		{008080AE-B79C-45A8-8FDC-5025F645C88A}.Debug|Any CPU.ActiveCfg = Debug|Any CPU
		{008080AE-B79C-45A8-8FDC-5025F645C88A}.Debug|Any CPU.Build.0 = Debug|Any CPU
		{008080AE-B79C-45A8-8FDC-5025F645C88A}.Debug|x64.ActiveCfg = Debug|x64
		{008080AE-B79C-45A8-8FDC-5025F645C88A}.Debug|x64.Build.0 = Debug|x64
		{008080AE-B79C-45A8-8FDC-5025F645C88A}.Release|Any CPU.ActiveCfg = Release|Any CPU
		{008080AE-B79C-45A8-8FDC-5025F645C88A}.Release|Any CPU.Build.0 = Release|Any CPU
		{008080AE-B79C-45A8-8FDC-5025F645C88A}.Release|x64.ActiveCfg = Release|x64
		{008080AE-B79C-45A8-8FDC-5025F645C88A}.Release|x64.Build.0 = Release|x64
		{FDFD6B7F-A925-40EE-98DC-2E06C1D1E3B6}.CRMINTERNAL|Any CPU.ActiveCfg = CRMINTERNAL|Any CPU
		{FDFD6B7F-A925-40EE-98DC-2E06C1D1E3B6}.CRMINTERNAL|Any CPU.Build.0 = CRMINTERNAL|Any CPU
		{FDFD6B7F-A925-40EE-98DC-2E06C1D1E3B6}.CRMINTERNAL|x64.ActiveCfg = CRMINTERNAL|x64
		{FDFD6B7F-A925-40EE-98DC-2E06C1D1E3B6}.CRMINTERNAL|x64.Build.0 = CRMINTERNAL|x64
		{FDFD6B7F-A925-40EE-98DC-2E06C1D1E3B6}.Debug|Any CPU.ActiveCfg = Debug|Any CPU
		{FDFD6B7F-A925-40EE-98DC-2E06C1D1E3B6}.Debug|Any CPU.Build.0 = Debug|Any CPU
		{FDFD6B7F-A925-40EE-98DC-2E06C1D1E3B6}.Debug|x64.ActiveCfg = Debug|x64
		{FDFD6B7F-A925-40EE-98DC-2E06C1D1E3B6}.Debug|x64.Build.0 = Debug|x64
		{FDFD6B7F-A925-40EE-98DC-2E06C1D1E3B6}.Release|Any CPU.ActiveCfg = Release|Any CPU
		{FDFD6B7F-A925-40EE-98DC-2E06C1D1E3B6}.Release|Any CPU.Build.0 = Release|Any CPU
		{FDFD6B7F-A925-40EE-98DC-2E06C1D1E3B6}.Release|x64.ActiveCfg = Release|x64
		{FDFD6B7F-A925-40EE-98DC-2E06C1D1E3B6}.Release|x64.Build.0 = Release|x64
		{6F7522A6-3B98-40EE-B92B-5EA423E6F600}.CRMINTERNAL|Any CPU.ActiveCfg = Debug|Any CPU
		{6F7522A6-3B98-40EE-B92B-5EA423E6F600}.CRMINTERNAL|Any CPU.Build.0 = Debug|Any CPU
		{6F7522A6-3B98-40EE-B92B-5EA423E6F600}.CRMINTERNAL|x64.ActiveCfg = Debug|Any CPU
		{6F7522A6-3B98-40EE-B92B-5EA423E6F600}.CRMINTERNAL|x64.Build.0 = Debug|Any CPU
		{6F7522A6-3B98-40EE-B92B-5EA423E6F600}.Debug|Any CPU.ActiveCfg = Debug|Any CPU
		{6F7522A6-3B98-40EE-B92B-5EA423E6F600}.Debug|Any CPU.Build.0 = Debug|Any CPU
		{6F7522A6-3B98-40EE-B92B-5EA423E6F600}.Debug|x64.ActiveCfg = Debug|Any CPU
		{6F7522A6-3B98-40EE-B92B-5EA423E6F600}.Debug|x64.Build.0 = Debug|Any CPU
		{6F7522A6-3B98-40EE-B92B-5EA423E6F600}.Release|Any CPU.ActiveCfg = Release|Any CPU
		{6F7522A6-3B98-40EE-B92B-5EA423E6F600}.Release|Any CPU.Build.0 = Release|Any CPU
		{6F7522A6-3B98-40EE-B92B-5EA423E6F600}.Release|x64.ActiveCfg = Release|Any CPU
		{6F7522A6-3B98-40EE-B92B-5EA423E6F600}.Release|x64.Build.0 = Release|Any CPU
	EndGlobalSection
	GlobalSection(SolutionProperties) = preSolution
		HideSolutionNode = FALSE
	EndGlobalSection
	GlobalSection(NestedProjects) = preSolution
		{F85F6B93-D17D-4CAE-9B2F-D293BE73C700} = {CD32538C-E929-42F9-A936-5550427E2CD5}
		{5A1A4FFF-78F5-48A2-9AB0-3E507E938465} = {CD32538C-E929-42F9-A936-5550427E2CD5}
		{E24CC0FA-4686-448E-A9AC-7A2B58D07FF6} = {01915F6D-79FF-4118-9EAD-2470351C8035}
	EndGlobalSection
	GlobalSection(ExtensibilityGlobals) = postSolution
		SolutionGuid = {EA6D26FC-C065-4849-959E-1EF7FC013AF2}
	EndGlobalSection
EndGlobal
