
Microsoft Visual Studio Solution File, Format Version 12.00
# Visual Studio Version 17
VisualStudioVersion = 17.11.35327.3
MinimumVisualStudioVersion = 10.0.40219.1
Project("{9A19103F-16F7-4668-BE54-9A1E7A4F7556}") = "Microsoft.PowerPlatform.Dataverse.ServiceClientConverter", "Microsoft.PowerPlatform.Dataverse.ServiceClientConverter.csproj", "{1222F666-B1B9-4219-9EA9-EDCCEFDB7687}"
EndProject
Global
	GlobalSection(SolutionConfigurationPlatforms) = preSolution
		Debug|Any CPU = Debug|Any CPU
		Release|Any CPU = Release|Any CPU
	EndGlobalSection
	GlobalSection(ProjectConfigurationPlatforms) = postSolution
		{1222F666-B1B9-4219-9EA9-EDCCEFDB7687}.Debug|Any CPU.ActiveCfg = Debug|Any CPU
		{1222F666-B1B9-4219-9EA9-EDCCEFDB7687}.Debug|Any CPU.Build.0 = Debug|Any CPU
		{1222F666-B1B9-4219-9EA9-EDCCEFDB7687}.Release|Any CPU.ActiveCfg = Release|Any CPU
		{1222F666-B1B9-4219-9EA9-EDCCEFDB7687}.Release|Any CPU.Build.0 = Release|Any CPU
	EndGlobalSection
	GlobalSection(SolutionProperties) = preSolution
		HideSolutionNode = FALSE
	EndGlobalSection
	GlobalSection(ExtensibilityGlobals) = postSolution
		SolutionGuid = {6944BCB7-36A1-45BC-AA26-489DC42D4EDA}
	EndGlobalSection
EndGlobal
